
Microsoft Visual Studio Solution File, Format Version 12.00
# Visual Studio Version 17
VisualStudioVersion = 17.1.32210.238
MinimumVisualStudioVersion = 10.0.40219.1
Project("{FAE04EC0-301F-11D3-BF4B-00C04F79EFBC}") = "MaximumGenerics", "MaximumGenerics\MaximumGenerics.csproj", "{3039D29C-4949-455D-A6E9-26DECD6D3D41}"
EndProject
Global
	GlobalSection(SolutionConfigurationPlatforms) = preSolution
		Debug|Any CPU = Debug|Any CPU
		Release|Any CPU = Release|Any CPU
	EndGlobalSection
	GlobalSection(ProjectConfigurationPlatforms) = postSolution
		{3039D29C-4949-455D-A6E9-26DECD6D3D41}.Debug|Any CPU.ActiveCfg = Debug|Any CPU
		{3039D29C-4949-455D-A6E9-26DECD6D3D41}.Debug|Any CPU.Build.0 = Debug|Any CPU
		{3039D29C-4949-455D-A6E9-26DECD6D3D41}.Release|Any CPU.ActiveCfg = Release|Any CPU
		{3039D29C-4949-455D-A6E9-26DECD6D3D41}.Release|Any CPU.Build.0 = Release|Any CPU
	EndGlobalSection
	GlobalSection(SolutionProperties) = preSolution
		HideSolutionNode = FALSE
	EndGlobalSection
	GlobalSection(ExtensibilityGlobals) = postSolution
		SolutionGuid = {239BBDBF-D8EE-44B9-B05C-CFD2A73084A5}
	EndGlobalSection
EndGlobal
